// !$*UTF8*$!
{
	archiveVersion = 1;
	classes = {
	};
	objectVersion = 50;
	objects = {

/* Begin PBXBuildFile section */
		A22CDE18259697FF00E3F96B /* JSONUtils.swift in Sources */ = {isa = PBXBuildFile; fileRef = A22CDE17259697FF00E3F96B /* JSONUtils.swift */; };
		A22CDE19259697FF00E3F96B /* JSONUtils.swift in Sources */ = {isa = PBXBuildFile; fileRef = A22CDE17259697FF00E3F96B /* JSONUtils.swift */; };
		A22CDE1A259697FF00E3F96B /* JSONUtils.swift in Sources */ = {isa = PBXBuildFile; fileRef = A22CDE17259697FF00E3F96B /* JSONUtils.swift */; };
		A29B4CF8259B933D00EE0B56 /* AgencyList.swift in Sources */ = {isa = PBXBuildFile; fileRef = A29B4CF7259B933D00EE0B56 /* AgencyList.swift */; };
		A29B4CF9259B933D00EE0B56 /* AgencyList.swift in Sources */ = {isa = PBXBuildFile; fileRef = A29B4CF7259B933D00EE0B56 /* AgencyList.swift */; };
		A29B4D00259B947800EE0B56 /* AgencyRow.swift in Sources */ = {isa = PBXBuildFile; fileRef = A29B4CFF259B947800EE0B56 /* AgencyRow.swift */; };
		A29B4D01259B947800EE0B56 /* AgencyRow.swift in Sources */ = {isa = PBXBuildFile; fileRef = A29B4CFF259B947800EE0B56 /* AgencyRow.swift */; };
		A2A6382E2596694800D58415 /* LocationJSON.swift in Sources */ = {isa = PBXBuildFile; fileRef = A2DA72692595AFF3009405E6 /* LocationJSON.swift */; };
		A2A6382F2596694800D58415 /* MissionJSON.swift in Sources */ = {isa = PBXBuildFile; fileRef = A2DA726A2595AFF3009405E6 /* MissionJSON.swift */; };
		A2A638302596694800D58415 /* ConfigurationJSON.swift in Sources */ = {isa = PBXBuildFile; fileRef = A2DA726B2595AFF3009405E6 /* ConfigurationJSON.swift */; };
		A2A638312596694800D58415 /* LaunchListJSON.swift in Sources */ = {isa = PBXBuildFile; fileRef = A2DA726C2595AFF3009405E6 /* LaunchListJSON.swift */; };
		A2A638322596694800D58415 /* PadJSON.swift in Sources */ = {isa = PBXBuildFile; fileRef = A2DA726D2595AFF3009405E6 /* PadJSON.swift */; };
		A2A638332596694800D58415 /* RocketJSON.swift in Sources */ = {isa = PBXBuildFile; fileRef = A2DA726E2595AFF3009405E6 /* RocketJSON.swift */; };
		A2A638342596694800D58415 /* LaunchJSON.swift in Sources */ = {isa = PBXBuildFile; fileRef = A2DA726F2595AFF3009405E6 /* LaunchJSON.swift */; };
		A2A638352596694800D58415 /* ServiceProviderJSON.swift in Sources */ = {isa = PBXBuildFile; fileRef = A2DA72712595AFF3009405E6 /* ServiceProviderJSON.swift */; };
		A2A638362596694800D58415 /* ProgramJSON.swift in Sources */ = {isa = PBXBuildFile; fileRef = A2DA72722595AFF3009405E6 /* ProgramJSON.swift */; };
		A2A638372596694800D58415 /* StatusJSON.swift in Sources */ = {isa = PBXBuildFile; fileRef = A2DA72742595AFF3009405E6 /* StatusJSON.swift */; };
		A2A6383F259670E900D58415 /* AgencyJSON.swift in Sources */ = {isa = PBXBuildFile; fileRef = A2A6383D259670E900D58415 /* AgencyJSON.swift */; };
		A2A63840259670E900D58415 /* AgencyJSON.swift in Sources */ = {isa = PBXBuildFile; fileRef = A2A6383D259670E900D58415 /* AgencyJSON.swift */; };
		A2A638472596713100D58415 /* OrbitJSON.swift in Sources */ = {isa = PBXBuildFile; fileRef = A2A638462596713100D58415 /* OrbitJSON.swift */; };
		A2A638482596713100D58415 /* OrbitJSON.swift in Sources */ = {isa = PBXBuildFile; fileRef = A2A638462596713100D58415 /* OrbitJSON.swift */; };
		A2A638492596713100D58415 /* OrbitJSON.swift in Sources */ = {isa = PBXBuildFile; fileRef = A2A638462596713100D58415 /* OrbitJSON.swift */; };
		A2A638CA259675D300D58415 /* AgencyJSON.swift in Sources */ = {isa = PBXBuildFile; fileRef = A2A6383D259670E900D58415 /* AgencyJSON.swift */; };
		A2D6D77D2596C6BF003D5401 /* LaunchList.xcdatamodeld in Sources */ = {isa = PBXBuildFile; fileRef = A2DA72052595AF8D009405E6 /* LaunchList.xcdatamodeld */; };
		A2D6D7832596C6DA003D5401 /* LaunchProvider.swift in Sources */ = {isa = PBXBuildFile; fileRef = A2DA72922595B02C009405E6 /* LaunchProvider.swift */; };
		A2D6D7942597B8CC003D5401 /* AgenciesUnitTests.swift in Sources */ = {isa = PBXBuildFile; fileRef = A2D6D7932597B8CC003D5401 /* AgenciesUnitTests.swift */; };
		A2D6D79B2597B9D0003D5401 /* AgenciesProvider.swift in Sources */ = {isa = PBXBuildFile; fileRef = A2D6D79A2597B9D0003D5401 /* AgenciesProvider.swift */; };
		A2D6D79C2597B9D0003D5401 /* AgenciesProvider.swift in Sources */ = {isa = PBXBuildFile; fileRef = A2D6D79A2597B9D0003D5401 /* AgenciesProvider.swift */; };
		A2D6D79D2597B9D0003D5401 /* AgenciesProvider.swift in Sources */ = {isa = PBXBuildFile; fileRef = A2D6D79A2597B9D0003D5401 /* AgenciesProvider.swift */; };
		A2D6D7A92597BA1C003D5401 /* AgenciesListJSON.swift in Sources */ = {isa = PBXBuildFile; fileRef = A2D6D7A82597BA1C003D5401 /* AgenciesListJSON.swift */; };
		A2D6D7AA2597BA1C003D5401 /* AgenciesListJSON.swift in Sources */ = {isa = PBXBuildFile; fileRef = A2D6D7A82597BA1C003D5401 /* AgenciesListJSON.swift */; };
		A2D6D7AB2597BA1C003D5401 /* AgenciesListJSON.swift in Sources */ = {isa = PBXBuildFile; fileRef = A2D6D7A82597BA1C003D5401 /* AgenciesListJSON.swift */; };
		A2D6D7B42597BD7D003D5401 /* Checkers.swift in Sources */ = {isa = PBXBuildFile; fileRef = A2D6D7B12597BD7D003D5401 /* Checkers.swift */; };
		A2D6D7BB2597C1CC003D5401 /* CoreDataUtils.swift in Sources */ = {isa = PBXBuildFile; fileRef = A2D6D7BA2597C1CC003D5401 /* CoreDataUtils.swift */; };
		A2D6D7BC2597C1CC003D5401 /* CoreDataUtils.swift in Sources */ = {isa = PBXBuildFile; fileRef = A2D6D7BA2597C1CC003D5401 /* CoreDataUtils.swift */; };
		A2D6D7BD2597C1CC003D5401 /* CoreDataUtils.swift in Sources */ = {isa = PBXBuildFile; fileRef = A2D6D7BA2597C1CC003D5401 /* CoreDataUtils.swift */; };
		A2D6D7DE25982616003D5401 /* RemoteImageCache.swift in Sources */ = {isa = PBXBuildFile; fileRef = A2D6D7DD25982616003D5401 /* RemoteImageCache.swift */; };
		A2D6D7DF25982616003D5401 /* RemoteImageCache.swift in Sources */ = {isa = PBXBuildFile; fileRef = A2D6D7DD25982616003D5401 /* RemoteImageCache.swift */; };
		A2DA72242595AF8F009405E6 /* Tests_iOS.swift in Sources */ = {isa = PBXBuildFile; fileRef = A2DA72232595AF8F009405E6 /* Tests_iOS.swift */; };
		A2DA722F2595AF8F009405E6 /* Tests_macOS.swift in Sources */ = {isa = PBXBuildFile; fileRef = A2DA722E2595AF8F009405E6 /* Tests_macOS.swift */; };
		A2DA72312595AF8F009405E6 /* LaunchList.xcdatamodeld in Sources */ = {isa = PBXBuildFile; fileRef = A2DA72052595AF8D009405E6 /* LaunchList.xcdatamodeld */; };
		A2DA72322595AF8F009405E6 /* LaunchList.xcdatamodeld in Sources */ = {isa = PBXBuildFile; fileRef = A2DA72052595AF8D009405E6 /* LaunchList.xcdatamodeld */; };
		A2DA72332595AF8F009405E6 /* LaunchListApp.swift in Sources */ = {isa = PBXBuildFile; fileRef = A2DA72072595AF8D009405E6 /* LaunchListApp.swift */; };
		A2DA72342595AF8F009405E6 /* LaunchListApp.swift in Sources */ = {isa = PBXBuildFile; fileRef = A2DA72072595AF8D009405E6 /* LaunchListApp.swift */; };
		A2DA72352595AF8F009405E6 /* LaunchList.swift in Sources */ = {isa = PBXBuildFile; fileRef = A2DA72082595AF8D009405E6 /* LaunchList.swift */; };
		A2DA72362595AF8F009405E6 /* LaunchList.swift in Sources */ = {isa = PBXBuildFile; fileRef = A2DA72082595AF8D009405E6 /* LaunchList.swift */; };
		A2DA72372595AF8F009405E6 /* Persistence.swift in Sources */ = {isa = PBXBuildFile; fileRef = A2DA72092595AF8D009405E6 /* Persistence.swift */; };
		A2DA72382595AF8F009405E6 /* Persistence.swift in Sources */ = {isa = PBXBuildFile; fileRef = A2DA72092595AF8D009405E6 /* Persistence.swift */; };
		A2DA72392595AF8F009405E6 /* Assets.xcassets in Resources */ = {isa = PBXBuildFile; fileRef = A2DA720A2595AF8F009405E6 /* Assets.xcassets */; };
		A2DA723A2595AF8F009405E6 /* Assets.xcassets in Resources */ = {isa = PBXBuildFile; fileRef = A2DA720A2595AF8F009405E6 /* Assets.xcassets */; };
		A2DA72542595AFC4009405E6 /* LaunchListUnitTests.swift in Sources */ = {isa = PBXBuildFile; fileRef = A2DA72532595AFC4009405E6 /* LaunchListUnitTests.swift */; };
		A2DA72752595AFF3009405E6 /* LocationJSON.swift in Sources */ = {isa = PBXBuildFile; fileRef = A2DA72692595AFF3009405E6 /* LocationJSON.swift */; };
		A2DA72762595AFF3009405E6 /* LocationJSON.swift in Sources */ = {isa = PBXBuildFile; fileRef = A2DA72692595AFF3009405E6 /* LocationJSON.swift */; };
		A2DA72772595AFF3009405E6 /* MissionJSON.swift in Sources */ = {isa = PBXBuildFile; fileRef = A2DA726A2595AFF3009405E6 /* MissionJSON.swift */; };
		A2DA72782595AFF3009405E6 /* MissionJSON.swift in Sources */ = {isa = PBXBuildFile; fileRef = A2DA726A2595AFF3009405E6 /* MissionJSON.swift */; };
		A2DA72792595AFF3009405E6 /* ConfigurationJSON.swift in Sources */ = {isa = PBXBuildFile; fileRef = A2DA726B2595AFF3009405E6 /* ConfigurationJSON.swift */; };
		A2DA727A2595AFF3009405E6 /* ConfigurationJSON.swift in Sources */ = {isa = PBXBuildFile; fileRef = A2DA726B2595AFF3009405E6 /* ConfigurationJSON.swift */; };
		A2DA727B2595AFF3009405E6 /* LaunchListJSON.swift in Sources */ = {isa = PBXBuildFile; fileRef = A2DA726C2595AFF3009405E6 /* LaunchListJSON.swift */; };
		A2DA727C2595AFF3009405E6 /* LaunchListJSON.swift in Sources */ = {isa = PBXBuildFile; fileRef = A2DA726C2595AFF3009405E6 /* LaunchListJSON.swift */; };
		A2DA727D2595AFF3009405E6 /* PadJSON.swift in Sources */ = {isa = PBXBuildFile; fileRef = A2DA726D2595AFF3009405E6 /* PadJSON.swift */; };
		A2DA727E2595AFF3009405E6 /* PadJSON.swift in Sources */ = {isa = PBXBuildFile; fileRef = A2DA726D2595AFF3009405E6 /* PadJSON.swift */; };
		A2DA727F2595AFF3009405E6 /* RocketJSON.swift in Sources */ = {isa = PBXBuildFile; fileRef = A2DA726E2595AFF3009405E6 /* RocketJSON.swift */; };
		A2DA72802595AFF3009405E6 /* RocketJSON.swift in Sources */ = {isa = PBXBuildFile; fileRef = A2DA726E2595AFF3009405E6 /* RocketJSON.swift */; };
		A2DA72812595AFF3009405E6 /* LaunchJSON.swift in Sources */ = {isa = PBXBuildFile; fileRef = A2DA726F2595AFF3009405E6 /* LaunchJSON.swift */; };
		A2DA72822595AFF3009405E6 /* LaunchJSON.swift in Sources */ = {isa = PBXBuildFile; fileRef = A2DA726F2595AFF3009405E6 /* LaunchJSON.swift */; };
		A2DA72852595AFF3009405E6 /* ServiceProviderJSON.swift in Sources */ = {isa = PBXBuildFile; fileRef = A2DA72712595AFF3009405E6 /* ServiceProviderJSON.swift */; };
		A2DA72862595AFF3009405E6 /* ServiceProviderJSON.swift in Sources */ = {isa = PBXBuildFile; fileRef = A2DA72712595AFF3009405E6 /* ServiceProviderJSON.swift */; };
		A2DA72872595AFF3009405E6 /* ProgramJSON.swift in Sources */ = {isa = PBXBuildFile; fileRef = A2DA72722595AFF3009405E6 /* ProgramJSON.swift */; };
		A2DA72882595AFF3009405E6 /* ProgramJSON.swift in Sources */ = {isa = PBXBuildFile; fileRef = A2DA72722595AFF3009405E6 /* ProgramJSON.swift */; };
		A2DA728B2595AFF3009405E6 /* StatusJSON.swift in Sources */ = {isa = PBXBuildFile; fileRef = A2DA72742595AFF3009405E6 /* StatusJSON.swift */; };
		A2DA728C2595AFF3009405E6 /* StatusJSON.swift in Sources */ = {isa = PBXBuildFile; fileRef = A2DA72742595AFF3009405E6 /* StatusJSON.swift */; };
		A2DA72932595B02C009405E6 /* LaunchProvider.swift in Sources */ = {isa = PBXBuildFile; fileRef = A2DA72922595B02C009405E6 /* LaunchProvider.swift */; };
		A2DA72942595B02C009405E6 /* LaunchProvider.swift in Sources */ = {isa = PBXBuildFile; fileRef = A2DA72922595B02C009405E6 /* LaunchProvider.swift */; };
		A2DEA26A259ADE2E009D5B4B /* PadDetail.swift in Sources */ = {isa = PBXBuildFile; fileRef = A2DEA269259ADE2E009D5B4B /* PadDetail.swift */; };
		A2DEA26B259ADE2E009D5B4B /* PadDetail.swift in Sources */ = {isa = PBXBuildFile; fileRef = A2DEA269259ADE2E009D5B4B /* PadDetail.swift */; };
		A2DEA272259ADE8F009D5B4B /* LaunchDetail.swift in Sources */ = {isa = PBXBuildFile; fileRef = A2DEA271259ADE8F009D5B4B /* LaunchDetail.swift */; };
		A2DEA273259ADE8F009D5B4B /* LaunchDetail.swift in Sources */ = {isa = PBXBuildFile; fileRef = A2DEA271259ADE8F009D5B4B /* LaunchDetail.swift */; };
		A2DEA27A259ADF38009D5B4B /* IconView.swift in Sources */ = {isa = PBXBuildFile; fileRef = A2DEA279259ADF38009D5B4B /* IconView.swift */; };
		A2DEA27B259ADF38009D5B4B /* IconView.swift in Sources */ = {isa = PBXBuildFile; fileRef = A2DEA279259ADF38009D5B4B /* IconView.swift */; };
		A2DEA282259ADF69009D5B4B /* LaunchRow.swift in Sources */ = {isa = PBXBuildFile; fileRef = A2DEA281259ADF69009D5B4B /* LaunchRow.swift */; };
		A2DEA283259ADF69009D5B4B /* LaunchRow.swift in Sources */ = {isa = PBXBuildFile; fileRef = A2DEA281259ADF69009D5B4B /* LaunchRow.swift */; };
		A2DEA28A259ADF9C009D5B4B /* ImageLoader.swift in Sources */ = {isa = PBXBuildFile; fileRef = A2DEA289259ADF9C009D5B4B /* ImageLoader.swift */; };
		A2DEA28B259ADF9C009D5B4B /* ImageLoader.swift in Sources */ = {isa = PBXBuildFile; fileRef = A2DEA289259ADF9C009D5B4B /* ImageLoader.swift */; };
		A2DEA292259ADFE9009D5B4B /* UIUtils.swift in Sources */ = {isa = PBXBuildFile; fileRef = A2DEA291259ADFE9009D5B4B /* UIUtils.swift */; };
		A2DEA293259ADFE9009D5B4B /* UIUtils.swift in Sources */ = {isa = PBXBuildFile; fileRef = A2DEA291259ADFE9009D5B4B /* UIUtils.swift */; };
		A2DEA29A259AE9BE009D5B4B /* CountdownView.swift in Sources */ = {isa = PBXBuildFile; fileRef = A2DEA299259AE9BE009D5B4B /* CountdownView.swift */; };
		A2DEA29B259AE9BE009D5B4B /* CountdownView.swift in Sources */ = {isa = PBXBuildFile; fileRef = A2DEA299259AE9BE009D5B4B /* CountdownView.swift */; };
		A2DEA2A7259B06C3009D5B4B /* AgencyDetail.swift in Sources */ = {isa = PBXBuildFile; fileRef = A2DEA2A6259B06C3009D5B4B /* AgencyDetail.swift */; };
		A2DEA2A8259B06C3009D5B4B /* AgencyDetail.swift in Sources */ = {isa = PBXBuildFile; fileRef = A2DEA2A6259B06C3009D5B4B /* AgencyDetail.swift */; };
		A2E540C5259BA1B400AD7BF8 /* ServiceProviderList.swift in Sources */ = {isa = PBXBuildFile; fileRef = A2E540C4259BA1B400AD7BF8 /* ServiceProviderList.swift */; };
		A2E540C6259BA1B400AD7BF8 /* ServiceProviderList.swift in Sources */ = {isa = PBXBuildFile; fileRef = A2E540C4259BA1B400AD7BF8 /* ServiceProviderList.swift */; };
		A2E540CD259BA26200AD7BF8 /* ServiceProviderDetail.swift in Sources */ = {isa = PBXBuildFile; fileRef = A2E540CC259BA26200AD7BF8 /* ServiceProviderDetail.swift */; };
		A2E540CE259BA26200AD7BF8 /* ServiceProviderDetail.swift in Sources */ = {isa = PBXBuildFile; fileRef = A2E540CC259BA26200AD7BF8 /* ServiceProviderDetail.swift */; };
		A2E540D5259BA31300AD7BF8 /* ServiceProviderRow.swift in Sources */ = {isa = PBXBuildFile; fileRef = A2E540D4259BA31300AD7BF8 /* ServiceProviderRow.swift */; };
		A2E540D6259BA31300AD7BF8 /* ServiceProviderRow.swift in Sources */ = {isa = PBXBuildFile; fileRef = A2E540D4259BA31300AD7BF8 /* ServiceProviderRow.swift */; };
		A2E540E7259BAE7D00AD7BF8 /* PadList.swift in Sources */ = {isa = PBXBuildFile; fileRef = A2E540E6259BAE7D00AD7BF8 /* PadList.swift */; };
		A2E540E8259BAE7D00AD7BF8 /* PadList.swift in Sources */ = {isa = PBXBuildFile; fileRef = A2E540E6259BAE7D00AD7BF8 /* PadList.swift */; };
		A2E540F4259BB1EE00AD7BF8 /* PadRow.swift in Sources */ = {isa = PBXBuildFile; fileRef = A2E540F3259BB1EE00AD7BF8 /* PadRow.swift */; };
		A2E540F5259BB1EE00AD7BF8 /* PadRow.swift in Sources */ = {isa = PBXBuildFile; fileRef = A2E540F3259BB1EE00AD7BF8 /* PadRow.swift */; };
		A2E540FC259BB43200AD7BF8 /* MissionList.swift in Sources */ = {isa = PBXBuildFile; fileRef = A2E540FB259BB43200AD7BF8 /* MissionList.swift */; };
		A2E540FD259BB43200AD7BF8 /* MissionList.swift in Sources */ = {isa = PBXBuildFile; fileRef = A2E540FB259BB43200AD7BF8 /* MissionList.swift */; };
		A2E54109259BB51000AD7BF8 /* MissionDetail.swift in Sources */ = {isa = PBXBuildFile; fileRef = A2E54108259BB51000AD7BF8 /* MissionDetail.swift */; };
		A2E5410A259BB51000AD7BF8 /* MissionDetail.swift in Sources */ = {isa = PBXBuildFile; fileRef = A2E54108259BB51000AD7BF8 /* MissionDetail.swift */; };
		A2E54111259BD83700AD7BF8 /* ProgramList.swift in Sources */ = {isa = PBXBuildFile; fileRef = A2E54110259BD83700AD7BF8 /* ProgramList.swift */; };
		A2E54112259BD83700AD7BF8 /* ProgramList.swift in Sources */ = {isa = PBXBuildFile; fileRef = A2E54110259BD83700AD7BF8 /* ProgramList.swift */; };
		A2E54119259BD8CA00AD7BF8 /* ProgramDetail.swift in Sources */ = {isa = PBXBuildFile; fileRef = A2E54118259BD8CA00AD7BF8 /* ProgramDetail.swift */; };
		A2E5411A259BD8CA00AD7BF8 /* ProgramDetail.swift in Sources */ = {isa = PBXBuildFile; fileRef = A2E54118259BD8CA00AD7BF8 /* ProgramDetail.swift */; };
		A2E54121259BD9F500AD7BF8 /* ProgramRow.swift in Sources */ = {isa = PBXBuildFile; fileRef = A2E54120259BD9F500AD7BF8 /* ProgramRow.swift */; };
		A2E54122259BD9F500AD7BF8 /* ProgramRow.swift in Sources */ = {isa = PBXBuildFile; fileRef = A2E54120259BD9F500AD7BF8 /* ProgramRow.swift */; };
		A2E54129259BE18B00AD7BF8 /* RocketList.swift in Sources */ = {isa = PBXBuildFile; fileRef = A2E54128259BE18B00AD7BF8 /* RocketList.swift */; };
		A2E5412A259BE18B00AD7BF8 /* RocketList.swift in Sources */ = {isa = PBXBuildFile; fileRef = A2E54128259BE18B00AD7BF8 /* RocketList.swift */; };
		A2E54131259BE1C300AD7BF8 /* RocketRow.swift in Sources */ = {isa = PBXBuildFile; fileRef = A2E54130259BE1C300AD7BF8 /* RocketRow.swift */; };
		A2E54132259BE1C300AD7BF8 /* RocketRow.swift in Sources */ = {isa = PBXBuildFile; fileRef = A2E54130259BE1C300AD7BF8 /* RocketRow.swift */; };
		A2E54139259BE1FE00AD7BF8 /* RocketDetail.swift in Sources */ = {isa = PBXBuildFile; fileRef = A2E54138259BE1FE00AD7BF8 /* RocketDetail.swift */; };
		A2E5413A259BE1FE00AD7BF8 /* RocketDetail.swift in Sources */ = {isa = PBXBuildFile; fileRef = A2E54138259BE1FE00AD7BF8 /* RocketDetail.swift */; };
		A2E54146259BFF3400AD7BF8 /* Preview Assest.xcassets in Resources */ = {isa = PBXBuildFile; fileRef = A2E54145259BFF3400AD7BF8 /* Preview Assest.xcassets */; };
		A2E54147259BFF3400AD7BF8 /* Preview Assest.xcassets in Resources */ = {isa = PBXBuildFile; fileRef = A2E54145259BFF3400AD7BF8 /* Preview Assest.xcassets */; };
		A2E5414F259C001200AD7BF8 /* launches.json in Resources */ = {isa = PBXBuildFile; fileRef = A2E5414E259C001200AD7BF8 /* launches.json */; };
		A2E54150259C001200AD7BF8 /* launches.json in Resources */ = {isa = PBXBuildFile; fileRef = A2E5414E259C001200AD7BF8 /* launches.json */; };
		A2E5415C259C003600AD7BF8 /* agencies.json in Resources */ = {isa = PBXBuildFile; fileRef = A2E5415B259C003600AD7BF8 /* agencies.json */; };
		A2E5415D259C003600AD7BF8 /* agencies.json in Resources */ = {isa = PBXBuildFile; fileRef = A2E5415B259C003600AD7BF8 /* agencies.json */; };
		A2E54164259C0EDD00AD7BF8 /* astronauts.json in Resources */ = {isa = PBXBuildFile; fileRef = A2E54163259C0EDD00AD7BF8 /* astronauts.json */; };
		A2E54165259C0EDD00AD7BF8 /* astronauts.json in Resources */ = {isa = PBXBuildFile; fileRef = A2E54163259C0EDD00AD7BF8 /* astronauts.json */; };
		A2E5416C259C116A00AD7BF8 /* starshipTests.json in Resources */ = {isa = PBXBuildFile; fileRef = A2E5416B259C116A00AD7BF8 /* starshipTests.json */; };
		A2E5416D259C116A00AD7BF8 /* starshipTests.json in Resources */ = {isa = PBXBuildFile; fileRef = A2E5416B259C116A00AD7BF8 /* starshipTests.json */; };
		A2E54174259C11EA00AD7BF8 /* docking.json in Resources */ = {isa = PBXBuildFile; fileRef = A2E54173259C11EA00AD7BF8 /* docking.json */; };
		A2E54175259C11EA00AD7BF8 /* docking.json in Resources */ = {isa = PBXBuildFile; fileRef = A2E54173259C11EA00AD7BF8 /* docking.json */; };
		A2E5417C259C128E00AD7BF8 /* events.json in Resources */ = {isa = PBXBuildFile; fileRef = A2E5417B259C128E00AD7BF8 /* events.json */; };
		A2E5417D259C128E00AD7BF8 /* events.json in Resources */ = {isa = PBXBuildFile; fileRef = A2E5417B259C128E00AD7BF8 /* events.json */; };
		A2E54184259C131700AD7BF8 /* expeditions.json in Resources */ = {isa = PBXBuildFile; fileRef = A2E54183259C131700AD7BF8 /* expeditions.json */; };
		A2E54185259C131700AD7BF8 /* expeditions.json in Resources */ = {isa = PBXBuildFile; fileRef = A2E54183259C131700AD7BF8 /* expeditions.json */; };
		A2F5CE91259C537E0050DF06 /* Launch+Extensions.swift in Sources */ = {isa = PBXBuildFile; fileRef = A2F5CE90259C537E0050DF06 /* Launch+Extensions.swift */; };
		A2F5CE92259C537E0050DF06 /* Launch+Extensions.swift in Sources */ = {isa = PBXBuildFile; fileRef = A2F5CE90259C537E0050DF06 /* Launch+Extensions.swift */; };
		A2F5CE9A259C59A10050DF06 /* String+Extensions.swift in Sources */ = {isa = PBXBuildFile; fileRef = A2F5CE99259C59A10050DF06 /* String+Extensions.swift */; };
		A2F5CE9B259C59A10050DF06 /* String+Extensions.swift in Sources */ = {isa = PBXBuildFile; fileRef = A2F5CE99259C59A10050DF06 /* String+Extensions.swift */; };
/* End PBXBuildFile section */

/* Begin PBXContainerItemProxy section */
		A2DA72202595AF8F009405E6 /* PBXContainerItemProxy */ = {
			isa = PBXContainerItemProxy;
			containerPortal = A2DA72002595AF8C009405E6 /* Project object */;
			proxyType = 1;
			remoteGlobalIDString = A2DA720E2595AF8F009405E6;
			remoteInfo = "LaunchList (iOS)";
		};
		A2DA722B2595AF8F009405E6 /* PBXContainerItemProxy */ = {
			isa = PBXContainerItemProxy;
			containerPortal = A2DA72002595AF8C009405E6 /* Project object */;
			proxyType = 1;
			remoteGlobalIDString = A2DA72162595AF8F009405E6;
			remoteInfo = "LaunchList (macOS)";
		};
/* End PBXContainerItemProxy section */

/* Begin PBXFileReference section */
		A22CDE17259697FF00E3F96B /* JSONUtils.swift */ = {isa = PBXFileReference; lastKnownFileType = sourcecode.swift; path = JSONUtils.swift; sourceTree = "<group>"; };
		A29B4CF6259B90EE00EE0B56 /* Notes.md */ = {isa = PBXFileReference; lastKnownFileType = net.daringfireball.markdown; path = Notes.md; sourceTree = "<group>"; };
		A29B4CF7259B933D00EE0B56 /* AgencyList.swift */ = {isa = PBXFileReference; lastKnownFileType = sourcecode.swift; path = AgencyList.swift; sourceTree = "<group>"; };
		A29B4CFF259B947800EE0B56 /* AgencyRow.swift */ = {isa = PBXFileReference; lastKnownFileType = sourcecode.swift; path = AgencyRow.swift; sourceTree = "<group>"; };
		A2A6383D259670E900D58415 /* AgencyJSON.swift */ = {isa = PBXFileReference; lastKnownFileType = sourcecode.swift; path = AgencyJSON.swift; sourceTree = "<group>"; };
		A2A638462596713100D58415 /* OrbitJSON.swift */ = {isa = PBXFileReference; lastKnownFileType = sourcecode.swift; path = OrbitJSON.swift; sourceTree = "<group>"; };
		A2D6D7932597B8CC003D5401 /* AgenciesUnitTests.swift */ = {isa = PBXFileReference; lastKnownFileType = sourcecode.swift; path = AgenciesUnitTests.swift; sourceTree = "<group>"; };
		A2D6D79A2597B9D0003D5401 /* AgenciesProvider.swift */ = {isa = PBXFileReference; lastKnownFileType = sourcecode.swift; path = AgenciesProvider.swift; sourceTree = "<group>"; };
		A2D6D7A82597BA1C003D5401 /* AgenciesListJSON.swift */ = {isa = PBXFileReference; lastKnownFileType = sourcecode.swift; path = AgenciesListJSON.swift; sourceTree = "<group>"; };
		A2D6D7B12597BD7D003D5401 /* Checkers.swift */ = {isa = PBXFileReference; lastKnownFileType = sourcecode.swift; path = Checkers.swift; sourceTree = "<group>"; };
		A2D6D7BA2597C1CC003D5401 /* CoreDataUtils.swift */ = {isa = PBXFileReference; lastKnownFileType = sourcecode.swift; path = CoreDataUtils.swift; sourceTree = "<group>"; };
		A2D6D7DD25982616003D5401 /* RemoteImageCache.swift */ = {isa = PBXFileReference; lastKnownFileType = sourcecode.swift; path = RemoteImageCache.swift; sourceTree = "<group>"; };
		A2DA72062595AF8D009405E6 /* Shared.xcdatamodel */ = {isa = PBXFileReference; lastKnownFileType = wrapper.xcdatamodel; path = Shared.xcdatamodel; sourceTree = "<group>"; };
		A2DA72072595AF8D009405E6 /* LaunchListApp.swift */ = {isa = PBXFileReference; lastKnownFileType = sourcecode.swift; path = LaunchListApp.swift; sourceTree = "<group>"; };
		A2DA72082595AF8D009405E6 /* LaunchList.swift */ = {isa = PBXFileReference; lastKnownFileType = sourcecode.swift; path = LaunchList.swift; sourceTree = "<group>"; };
		A2DA72092595AF8D009405E6 /* Persistence.swift */ = {isa = PBXFileReference; lastKnownFileType = sourcecode.swift; path = Persistence.swift; sourceTree = "<group>"; };
		A2DA720A2595AF8F009405E6 /* Assets.xcassets */ = {isa = PBXFileReference; lastKnownFileType = folder.assetcatalog; path = Assets.xcassets; sourceTree = "<group>"; };
		A2DA720F2595AF8F009405E6 /* LaunchList.app */ = {isa = PBXFileReference; explicitFileType = wrapper.application; includeInIndex = 0; path = LaunchList.app; sourceTree = BUILT_PRODUCTS_DIR; };
		A2DA72122595AF8F009405E6 /* Info.plist */ = {isa = PBXFileReference; lastKnownFileType = text.plist.xml; path = Info.plist; sourceTree = "<group>"; };
		A2DA72172595AF8F009405E6 /* LaunchList.app */ = {isa = PBXFileReference; explicitFileType = wrapper.application; includeInIndex = 0; path = LaunchList.app; sourceTree = BUILT_PRODUCTS_DIR; };
		A2DA72192595AF8F009405E6 /* Info.plist */ = {isa = PBXFileReference; lastKnownFileType = text.plist.xml; path = Info.plist; sourceTree = "<group>"; };
		A2DA721A2595AF8F009405E6 /* macOS.entitlements */ = {isa = PBXFileReference; lastKnownFileType = text.plist.entitlements; path = macOS.entitlements; sourceTree = "<group>"; };
		A2DA721F2595AF8F009405E6 /* Tests iOS.xctest */ = {isa = PBXFileReference; explicitFileType = wrapper.cfbundle; includeInIndex = 0; path = "Tests iOS.xctest"; sourceTree = BUILT_PRODUCTS_DIR; };
		A2DA72232595AF8F009405E6 /* Tests_iOS.swift */ = {isa = PBXFileReference; lastKnownFileType = sourcecode.swift; path = Tests_iOS.swift; sourceTree = "<group>"; };
		A2DA72252595AF8F009405E6 /* Info.plist */ = {isa = PBXFileReference; lastKnownFileType = text.plist.xml; path = Info.plist; sourceTree = "<group>"; };
		A2DA722A2595AF8F009405E6 /* Tests macOS.xctest */ = {isa = PBXFileReference; explicitFileType = wrapper.cfbundle; includeInIndex = 0; path = "Tests macOS.xctest"; sourceTree = BUILT_PRODUCTS_DIR; };
		A2DA722E2595AF8F009405E6 /* Tests_macOS.swift */ = {isa = PBXFileReference; lastKnownFileType = sourcecode.swift; path = Tests_macOS.swift; sourceTree = "<group>"; };
		A2DA72302595AF8F009405E6 /* Info.plist */ = {isa = PBXFileReference; lastKnownFileType = text.plist.xml; path = Info.plist; sourceTree = "<group>"; };
		A2DA72512595AFC4009405E6 /* UnitTests.xctest */ = {isa = PBXFileReference; explicitFileType = wrapper.cfbundle; includeInIndex = 0; path = UnitTests.xctest; sourceTree = BUILT_PRODUCTS_DIR; };
		A2DA72532595AFC4009405E6 /* LaunchListUnitTests.swift */ = {isa = PBXFileReference; lastKnownFileType = sourcecode.swift; path = LaunchListUnitTests.swift; sourceTree = "<group>"; };
		A2DA72552595AFC4009405E6 /* Info.plist */ = {isa = PBXFileReference; lastKnownFileType = text.plist.xml; path = Info.plist; sourceTree = "<group>"; };
		A2DA72692595AFF3009405E6 /* LocationJSON.swift */ = {isa = PBXFileReference; fileEncoding = 4; lastKnownFileType = sourcecode.swift; path = LocationJSON.swift; sourceTree = "<group>"; };
		A2DA726A2595AFF3009405E6 /* MissionJSON.swift */ = {isa = PBXFileReference; fileEncoding = 4; lastKnownFileType = sourcecode.swift; path = MissionJSON.swift; sourceTree = "<group>"; };
		A2DA726B2595AFF3009405E6 /* ConfigurationJSON.swift */ = {isa = PBXFileReference; fileEncoding = 4; lastKnownFileType = sourcecode.swift; path = ConfigurationJSON.swift; sourceTree = "<group>"; };
		A2DA726C2595AFF3009405E6 /* LaunchListJSON.swift */ = {isa = PBXFileReference; fileEncoding = 4; lastKnownFileType = sourcecode.swift; path = LaunchListJSON.swift; sourceTree = "<group>"; };
		A2DA726D2595AFF3009405E6 /* PadJSON.swift */ = {isa = PBXFileReference; fileEncoding = 4; lastKnownFileType = sourcecode.swift; path = PadJSON.swift; sourceTree = "<group>"; };
		A2DA726E2595AFF3009405E6 /* RocketJSON.swift */ = {isa = PBXFileReference; fileEncoding = 4; lastKnownFileType = sourcecode.swift; path = RocketJSON.swift; sourceTree = "<group>"; };
		A2DA726F2595AFF3009405E6 /* LaunchJSON.swift */ = {isa = PBXFileReference; fileEncoding = 4; lastKnownFileType = sourcecode.swift; path = LaunchJSON.swift; sourceTree = "<group>"; };
		A2DA72712595AFF3009405E6 /* ServiceProviderJSON.swift */ = {isa = PBXFileReference; fileEncoding = 4; lastKnownFileType = sourcecode.swift; path = ServiceProviderJSON.swift; sourceTree = "<group>"; };
		A2DA72722595AFF3009405E6 /* ProgramJSON.swift */ = {isa = PBXFileReference; fileEncoding = 4; lastKnownFileType = sourcecode.swift; path = ProgramJSON.swift; sourceTree = "<group>"; };
		A2DA72742595AFF3009405E6 /* StatusJSON.swift */ = {isa = PBXFileReference; fileEncoding = 4; lastKnownFileType = sourcecode.swift; path = StatusJSON.swift; sourceTree = "<group>"; };
		A2DA72922595B02C009405E6 /* LaunchProvider.swift */ = {isa = PBXFileReference; fileEncoding = 4; lastKnownFileType = sourcecode.swift; path = LaunchProvider.swift; sourceTree = "<group>"; };
		A2DEA269259ADE2E009D5B4B /* PadDetail.swift */ = {isa = PBXFileReference; lastKnownFileType = sourcecode.swift; path = PadDetail.swift; sourceTree = "<group>"; };
		A2DEA271259ADE8F009D5B4B /* LaunchDetail.swift */ = {isa = PBXFileReference; lastKnownFileType = sourcecode.swift; path = LaunchDetail.swift; sourceTree = "<group>"; };
		A2DEA279259ADF38009D5B4B /* IconView.swift */ = {isa = PBXFileReference; lastKnownFileType = sourcecode.swift; path = IconView.swift; sourceTree = "<group>"; };
		A2DEA281259ADF69009D5B4B /* LaunchRow.swift */ = {isa = PBXFileReference; lastKnownFileType = sourcecode.swift; path = LaunchRow.swift; sourceTree = "<group>"; };
		A2DEA289259ADF9C009D5B4B /* ImageLoader.swift */ = {isa = PBXFileReference; lastKnownFileType = sourcecode.swift; path = ImageLoader.swift; sourceTree = "<group>"; };
		A2DEA291259ADFE9009D5B4B /* UIUtils.swift */ = {isa = PBXFileReference; lastKnownFileType = sourcecode.swift; path = UIUtils.swift; sourceTree = "<group>"; };
		A2DEA299259AE9BE009D5B4B /* CountdownView.swift */ = {isa = PBXFileReference; lastKnownFileType = sourcecode.swift; path = CountdownView.swift; sourceTree = "<group>"; };
		A2DEA2A6259B06C3009D5B4B /* AgencyDetail.swift */ = {isa = PBXFileReference; lastKnownFileType = sourcecode.swift; path = AgencyDetail.swift; sourceTree = "<group>"; };
		A2E540C4259BA1B400AD7BF8 /* ServiceProviderList.swift */ = {isa = PBXFileReference; lastKnownFileType = sourcecode.swift; path = ServiceProviderList.swift; sourceTree = "<group>"; };
		A2E540CC259BA26200AD7BF8 /* ServiceProviderDetail.swift */ = {isa = PBXFileReference; lastKnownFileType = sourcecode.swift; path = ServiceProviderDetail.swift; sourceTree = "<group>"; };
		A2E540D4259BA31300AD7BF8 /* ServiceProviderRow.swift */ = {isa = PBXFileReference; lastKnownFileType = sourcecode.swift; path = ServiceProviderRow.swift; sourceTree = "<group>"; };
		A2E540E6259BAE7D00AD7BF8 /* PadList.swift */ = {isa = PBXFileReference; lastKnownFileType = sourcecode.swift; path = PadList.swift; sourceTree = "<group>"; };
		A2E540F3259BB1EE00AD7BF8 /* PadRow.swift */ = {isa = PBXFileReference; lastKnownFileType = sourcecode.swift; path = PadRow.swift; sourceTree = "<group>"; };
		A2E540FB259BB43200AD7BF8 /* MissionList.swift */ = {isa = PBXFileReference; lastKnownFileType = sourcecode.swift; path = MissionList.swift; sourceTree = "<group>"; };
		A2E54108259BB51000AD7BF8 /* MissionDetail.swift */ = {isa = PBXFileReference; lastKnownFileType = sourcecode.swift; path = MissionDetail.swift; sourceTree = "<group>"; };
		A2E54110259BD83700AD7BF8 /* ProgramList.swift */ = {isa = PBXFileReference; lastKnownFileType = sourcecode.swift; path = ProgramList.swift; sourceTree = "<group>"; };
		A2E54118259BD8CA00AD7BF8 /* ProgramDetail.swift */ = {isa = PBXFileReference; lastKnownFileType = sourcecode.swift; path = ProgramDetail.swift; sourceTree = "<group>"; };
		A2E54120259BD9F500AD7BF8 /* ProgramRow.swift */ = {isa = PBXFileReference; lastKnownFileType = sourcecode.swift; path = ProgramRow.swift; sourceTree = "<group>"; };
		A2E54128259BE18B00AD7BF8 /* RocketList.swift */ = {isa = PBXFileReference; lastKnownFileType = sourcecode.swift; path = RocketList.swift; sourceTree = "<group>"; };
		A2E54130259BE1C300AD7BF8 /* RocketRow.swift */ = {isa = PBXFileReference; lastKnownFileType = sourcecode.swift; path = RocketRow.swift; sourceTree = "<group>"; };
		A2E54138259BE1FE00AD7BF8 /* RocketDetail.swift */ = {isa = PBXFileReference; lastKnownFileType = sourcecode.swift; path = RocketDetail.swift; sourceTree = "<group>"; };
		A2E54145259BFF3400AD7BF8 /* Preview Assest.xcassets */ = {isa = PBXFileReference; lastKnownFileType = folder.assetcatalog; path = "Preview Assest.xcassets"; sourceTree = "<group>"; };
		A2E5414E259C001200AD7BF8 /* launches.json */ = {isa = PBXFileReference; lastKnownFileType = text.json; path = launches.json; sourceTree = "<group>"; };
		A2E5415B259C003600AD7BF8 /* agencies.json */ = {isa = PBXFileReference; lastKnownFileType = text.json; path = agencies.json; sourceTree = "<group>"; };
		A2E54163259C0EDD00AD7BF8 /* astronauts.json */ = {isa = PBXFileReference; lastKnownFileType = text.json; path = astronauts.json; sourceTree = "<group>"; };
		A2E5416B259C116A00AD7BF8 /* starshipTests.json */ = {isa = PBXFileReference; lastKnownFileType = text.json; path = starshipTests.json; sourceTree = "<group>"; };
		A2E54173259C11EA00AD7BF8 /* docking.json */ = {isa = PBXFileReference; lastKnownFileType = text.json; path = docking.json; sourceTree = "<group>"; };
		A2E5417B259C128E00AD7BF8 /* events.json */ = {isa = PBXFileReference; lastKnownFileType = text.json; path = events.json; sourceTree = "<group>"; };
		A2E54183259C131700AD7BF8 /* expeditions.json */ = {isa = PBXFileReference; lastKnownFileType = text.json; path = expeditions.json; sourceTree = "<group>"; };
		A2F5CE90259C537E0050DF06 /* Launch+Extensions.swift */ = {isa = PBXFileReference; lastKnownFileType = sourcecode.swift; path = "Launch+Extensions.swift"; sourceTree = "<group>"; };
		A2F5CE99259C59A10050DF06 /* String+Extensions.swift */ = {isa = PBXFileReference; lastKnownFileType = sourcecode.swift; path = "String+Extensions.swift"; sourceTree = "<group>"; };
/* End PBXFileReference section */

/* Begin PBXFrameworksBuildPhase section */
		A2DA720C2595AF8F009405E6 /* Frameworks */ = {
			isa = PBXFrameworksBuildPhase;
			buildActionMask = 2147483647;
			files = (
			);
			runOnlyForDeploymentPostprocessing = 0;
		};
		A2DA72142595AF8F009405E6 /* Frameworks */ = {
			isa = PBXFrameworksBuildPhase;
			buildActionMask = 2147483647;
			files = (
			);
			runOnlyForDeploymentPostprocessing = 0;
		};
		A2DA721C2595AF8F009405E6 /* Frameworks */ = {
			isa = PBXFrameworksBuildPhase;
			buildActionMask = 2147483647;
			files = (
			);
			runOnlyForDeploymentPostprocessing = 0;
		};
		A2DA72272595AF8F009405E6 /* Frameworks */ = {
			isa = PBXFrameworksBuildPhase;
			buildActionMask = 2147483647;
			files = (
			);
			runOnlyForDeploymentPostprocessing = 0;
		};
		A2DA724E2595AFC4009405E6 /* Frameworks */ = {
			isa = PBXFrameworksBuildPhase;
			buildActionMask = 2147483647;
			files = (
			);
			runOnlyForDeploymentPostprocessing = 0;
		};
/* End PBXFrameworksBuildPhase section */

/* Begin PBXGroup section */
		A2A637C125965EFC00D58415 /* CoreData */ = {
			isa = PBXGroup;
			children = (
				A2DA72092595AF8D009405E6 /* Persistence.swift */,
				A2D6D7BA2597C1CC003D5401 /* CoreDataUtils.swift */,
				A2F5CE90259C537E0050DF06 /* Launch+Extensions.swift */,
			);
			path = CoreData;
			sourceTree = "<group>";
		};
		A2D6D7D7259825E3003D5401 /* UI */ = {
			isa = PBXGroup;
			children = (
				A2DA72072595AF8D009405E6 /* LaunchListApp.swift */,
				A2DA72082595AF8D009405E6 /* LaunchList.swift */,
				A2DEA281259ADF69009D5B4B /* LaunchRow.swift */,
				A2DEA271259ADE8F009D5B4B /* LaunchDetail.swift */,
				A2E540E6259BAE7D00AD7BF8 /* PadList.swift */,
				A2DEA269259ADE2E009D5B4B /* PadDetail.swift */,
				A2E540F3259BB1EE00AD7BF8 /* PadRow.swift */,
				A29B4CF7259B933D00EE0B56 /* AgencyList.swift */,
				A2DEA2A6259B06C3009D5B4B /* AgencyDetail.swift */,
				A29B4CFF259B947800EE0B56 /* AgencyRow.swift */,
				A2E540C4259BA1B400AD7BF8 /* ServiceProviderList.swift */,
				A2E540CC259BA26200AD7BF8 /* ServiceProviderDetail.swift */,
				A2E540D4259BA31300AD7BF8 /* ServiceProviderRow.swift */,
				A2E540FB259BB43200AD7BF8 /* MissionList.swift */,
				A2E54108259BB51000AD7BF8 /* MissionDetail.swift */,
				A2E54110259BD83700AD7BF8 /* ProgramList.swift */,
				A2E54118259BD8CA00AD7BF8 /* ProgramDetail.swift */,
				A2E54120259BD9F500AD7BF8 /* ProgramRow.swift */,
				A2E54128259BE18B00AD7BF8 /* RocketList.swift */,
				A2E54130259BE1C300AD7BF8 /* RocketRow.swift */,
				A2E54138259BE1FE00AD7BF8 /* RocketDetail.swift */,
				A2DEA279259ADF38009D5B4B /* IconView.swift */,
				A2DEA289259ADF9C009D5B4B /* ImageLoader.swift */,
				A2D6D7DD25982616003D5401 /* RemoteImageCache.swift */,
				A2DEA291259ADFE9009D5B4B /* UIUtils.swift */,
				A2DEA299259AE9BE009D5B4B /* CountdownView.swift */,
			);
			path = UI;
			sourceTree = "<group>";
		};
		A2DA71FF2595AF8C009405E6 = {
			isa = PBXGroup;
			children = (
				A29B4CF6259B90EE00EE0B56 /* Notes.md */,
				A2DA72042595AF8D009405E6 /* Shared */,
				A2DA72112595AF8F009405E6 /* iOS */,
				A2DA72182595AF8F009405E6 /* macOS */,
				A2DA72222595AF8F009405E6 /* Tests iOS */,
				A2DA722D2595AF8F009405E6 /* Tests macOS */,
				A2DA72522595AFC4009405E6 /* UnitTests */,
				A2DA72102595AF8F009405E6 /* Products */,
			);
			sourceTree = "<group>";
		};
		A2DA72042595AF8D009405E6 /* Shared */ = {
			isa = PBXGroup;
			children = (
				A2F5CE98259C59900050DF06 /* Utils */,
				A2E5414D259BFFDA00AD7BF8 /* Preview Content */,
				A2D6D7D7259825E3003D5401 /* UI */,
				A2A637C125965EFC00D58415 /* CoreData */,
				A2DA72682595AFF3009405E6 /* JSON */,
				A2DA720A2595AF8F009405E6 /* Assets.xcassets */,
				A2DA72052595AF8D009405E6 /* LaunchList.xcdatamodeld */,
			);
			path = Shared;
			sourceTree = "<group>";
		};
		A2DA72102595AF8F009405E6 /* Products */ = {
			isa = PBXGroup;
			children = (
				A2DA720F2595AF8F009405E6 /* LaunchList.app */,
				A2DA72172595AF8F009405E6 /* LaunchList.app */,
				A2DA721F2595AF8F009405E6 /* Tests iOS.xctest */,
				A2DA722A2595AF8F009405E6 /* Tests macOS.xctest */,
				A2DA72512595AFC4009405E6 /* UnitTests.xctest */,
			);
			name = Products;
			sourceTree = "<group>";
		};
		A2DA72112595AF8F009405E6 /* iOS */ = {
			isa = PBXGroup;
			children = (
				A2DA72122595AF8F009405E6 /* Info.plist */,
			);
			path = iOS;
			sourceTree = "<group>";
		};
		A2DA72182595AF8F009405E6 /* macOS */ = {
			isa = PBXGroup;
			children = (
				A2DA72192595AF8F009405E6 /* Info.plist */,
				A2DA721A2595AF8F009405E6 /* macOS.entitlements */,
			);
			path = macOS;
			sourceTree = "<group>";
		};
		A2DA72222595AF8F009405E6 /* Tests iOS */ = {
			isa = PBXGroup;
			children = (
				A2DA72232595AF8F009405E6 /* Tests_iOS.swift */,
				A2DA72252595AF8F009405E6 /* Info.plist */,
			);
			path = "Tests iOS";
			sourceTree = "<group>";
		};
		A2DA722D2595AF8F009405E6 /* Tests macOS */ = {
			isa = PBXGroup;
			children = (
				A2DA722E2595AF8F009405E6 /* Tests_macOS.swift */,
				A2DA72302595AF8F009405E6 /* Info.plist */,
			);
			path = "Tests macOS";
			sourceTree = "<group>";
		};
		A2DA72522595AFC4009405E6 /* UnitTests */ = {
			isa = PBXGroup;
			children = (
				A2DA72532595AFC4009405E6 /* LaunchListUnitTests.swift */,
				A2DA72552595AFC4009405E6 /* Info.plist */,
				A2D6D7932597B8CC003D5401 /* AgenciesUnitTests.swift */,
				A2D6D7B12597BD7D003D5401 /* Checkers.swift */,
			);
			path = UnitTests;
			sourceTree = "<group>";
		};
		A2DA72682595AFF3009405E6 /* JSON */ = {
			isa = PBXGroup;
			children = (
				A2DA72922595B02C009405E6 /* LaunchProvider.swift */,
				A2DA72692595AFF3009405E6 /* LocationJSON.swift */,
				A2DA726A2595AFF3009405E6 /* MissionJSON.swift */,
				A2DA726B2595AFF3009405E6 /* ConfigurationJSON.swift */,
				A2DA726C2595AFF3009405E6 /* LaunchListJSON.swift */,
				A2DA726D2595AFF3009405E6 /* PadJSON.swift */,
				A2DA726E2595AFF3009405E6 /* RocketJSON.swift */,
				A2DA726F2595AFF3009405E6 /* LaunchJSON.swift */,
				A2DA72712595AFF3009405E6 /* ServiceProviderJSON.swift */,
				A2DA72722595AFF3009405E6 /* ProgramJSON.swift */,
				A2DA72742595AFF3009405E6 /* StatusJSON.swift */,
				A2A6383D259670E900D58415 /* AgencyJSON.swift */,
				A2A638462596713100D58415 /* OrbitJSON.swift */,
				A22CDE17259697FF00E3F96B /* JSONUtils.swift */,
				A2D6D79A2597B9D0003D5401 /* AgenciesProvider.swift */,
				A2D6D7A82597BA1C003D5401 /* AgenciesListJSON.swift */,
			);
			path = JSON;
			sourceTree = "<group>";
		};
		A2E5414D259BFFDA00AD7BF8 /* Preview Content */ = {
			isa = PBXGroup;
			children = (
				A2E54145259BFF3400AD7BF8 /* Preview Assest.xcassets */,
				A2E5414E259C001200AD7BF8 /* launches.json */,
				A2E5415B259C003600AD7BF8 /* agencies.json */,
				A2E54163259C0EDD00AD7BF8 /* astronauts.json */,
				A2E5416B259C116A00AD7BF8 /* starshipTests.json */,
				A2E54173259C11EA00AD7BF8 /* docking.json */,
				A2E5417B259C128E00AD7BF8 /* events.json */,
				A2E54183259C131700AD7BF8 /* expeditions.json */,
			);
			path = "Preview Content";
			sourceTree = "<group>";
		};
		A2F5CE98259C59900050DF06 /* Utils */ = {
			isa = PBXGroup;
			children = (
				A2F5CE99259C59A10050DF06 /* String+Extensions.swift */,
			);
			path = Utils;
			sourceTree = "<group>";
		};
/* End PBXGroup section */

/* Begin PBXNativeTarget section */
		A2DA720E2595AF8F009405E6 /* LaunchList (iOS) */ = {
			isa = PBXNativeTarget;
			buildConfigurationList = A2DA723D2595AF8F009405E6 /* Build configuration list for PBXNativeTarget "LaunchList (iOS)" */;
			buildPhases = (
				A2DA720B2595AF8F009405E6 /* Sources */,
				A2DA720C2595AF8F009405E6 /* Frameworks */,
				A2DA720D2595AF8F009405E6 /* Resources */,
			);
			buildRules = (
			);
			dependencies = (
			);
			name = "LaunchList (iOS)";
			productName = "LaunchList (iOS)";
			productReference = A2DA720F2595AF8F009405E6 /* LaunchList.app */;
			productType = "com.apple.product-type.application";
		};
		A2DA72162595AF8F009405E6 /* LaunchList (macOS) */ = {
			isa = PBXNativeTarget;
			buildConfigurationList = A2DA72402595AF8F009405E6 /* Build configuration list for PBXNativeTarget "LaunchList (macOS)" */;
			buildPhases = (
				A2DA72132595AF8F009405E6 /* Sources */,
				A2DA72142595AF8F009405E6 /* Frameworks */,
				A2DA72152595AF8F009405E6 /* Resources */,
			);
			buildRules = (
			);
			dependencies = (
			);
			name = "LaunchList (macOS)";
			productName = "LaunchList (macOS)";
			productReference = A2DA72172595AF8F009405E6 /* LaunchList.app */;
			productType = "com.apple.product-type.application";
		};
		A2DA721E2595AF8F009405E6 /* Tests iOS */ = {
			isa = PBXNativeTarget;
			buildConfigurationList = A2DA72432595AF8F009405E6 /* Build configuration list for PBXNativeTarget "Tests iOS" */;
			buildPhases = (
				A2DA721B2595AF8F009405E6 /* Sources */,
				A2DA721C2595AF8F009405E6 /* Frameworks */,
				A2DA721D2595AF8F009405E6 /* Resources */,
			);
			buildRules = (
			);
			dependencies = (
				A2DA72212595AF8F009405E6 /* PBXTargetDependency */,
			);
			name = "Tests iOS";
			productName = "Tests iOS";
			productReference = A2DA721F2595AF8F009405E6 /* Tests iOS.xctest */;
			productType = "com.apple.product-type.bundle.ui-testing";
		};
		A2DA72292595AF8F009405E6 /* Tests macOS */ = {
			isa = PBXNativeTarget;
			buildConfigurationList = A2DA72462595AF8F009405E6 /* Build configuration list for PBXNativeTarget "Tests macOS" */;
			buildPhases = (
				A2DA72262595AF8F009405E6 /* Sources */,
				A2DA72272595AF8F009405E6 /* Frameworks */,
				A2DA72282595AF8F009405E6 /* Resources */,
			);
			buildRules = (
			);
			dependencies = (
				A2DA722C2595AF8F009405E6 /* PBXTargetDependency */,
			);
			name = "Tests macOS";
			productName = "Tests macOS";
			productReference = A2DA722A2595AF8F009405E6 /* Tests macOS.xctest */;
			productType = "com.apple.product-type.bundle.ui-testing";
		};
		A2DA72502595AFC4009405E6 /* UnitTests */ = {
			isa = PBXNativeTarget;
			buildConfigurationList = A2DA72562595AFC4009405E6 /* Build configuration list for PBXNativeTarget "UnitTests" */;
			buildPhases = (
				A2DA724D2595AFC4009405E6 /* Sources */,
				A2DA724E2595AFC4009405E6 /* Frameworks */,
				A2DA724F2595AFC4009405E6 /* Resources */,
			);
			buildRules = (
			);
			dependencies = (
			);
			name = UnitTests;
			productName = LaunchListUnitTests;
			productReference = A2DA72512595AFC4009405E6 /* UnitTests.xctest */;
			productType = "com.apple.product-type.bundle.unit-test";
		};
/* End PBXNativeTarget section */

/* Begin PBXProject section */
		A2DA72002595AF8C009405E6 /* Project object */ = {
			isa = PBXProject;
			attributes = {
				LastSwiftUpdateCheck = 1230;
				LastUpgradeCheck = 1230;
				TargetAttributes = {
					A2DA720E2595AF8F009405E6 = {
						CreatedOnToolsVersion = 12.3;
					};
					A2DA72162595AF8F009405E6 = {
						CreatedOnToolsVersion = 12.3;
					};
					A2DA721E2595AF8F009405E6 = {
						CreatedOnToolsVersion = 12.3;
						TestTargetID = A2DA720E2595AF8F009405E6;
					};
					A2DA72292595AF8F009405E6 = {
						CreatedOnToolsVersion = 12.3;
						TestTargetID = A2DA72162595AF8F009405E6;
					};
					A2DA72502595AFC4009405E6 = {
						CreatedOnToolsVersion = 12.3;
					};
				};
			};
			buildConfigurationList = A2DA72032595AF8C009405E6 /* Build configuration list for PBXProject "LaunchList" */;
			compatibilityVersion = "Xcode 9.3";
			developmentRegion = en;
			hasScannedForEncodings = 0;
			knownRegions = (
				en,
				Base,
			);
			mainGroup = A2DA71FF2595AF8C009405E6;
			productRefGroup = A2DA72102595AF8F009405E6 /* Products */;
			projectDirPath = "";
			projectRoot = "";
			targets = (
				A2DA720E2595AF8F009405E6 /* LaunchList (iOS) */,
				A2DA72162595AF8F009405E6 /* LaunchList (macOS) */,
				A2DA721E2595AF8F009405E6 /* Tests iOS */,
				A2DA72292595AF8F009405E6 /* Tests macOS */,
				A2DA72502595AFC4009405E6 /* UnitTests */,
			);
		};
/* End PBXProject section */

/* Begin PBXResourcesBuildPhase section */
		A2DA720D2595AF8F009405E6 /* Resources */ = {
			isa = PBXResourcesBuildPhase;
			buildActionMask = 2147483647;
			files = (
				A2E5417C259C128E00AD7BF8 /* events.json in Resources */,
				A2E5415C259C003600AD7BF8 /* agencies.json in Resources */,
				A2E54184259C131700AD7BF8 /* expeditions.json in Resources */,
				A2E54174259C11EA00AD7BF8 /* docking.json in Resources */,
				A2E54146259BFF3400AD7BF8 /* Preview Assest.xcassets in Resources */,
				A2DA72392595AF8F009405E6 /* Assets.xcassets in Resources */,
				A2E5416C259C116A00AD7BF8 /* starshipTests.json in Resources */,
				A2E54164259C0EDD00AD7BF8 /* astronauts.json in Resources */,
				A2E5414F259C001200AD7BF8 /* launches.json in Resources */,
			);
			runOnlyForDeploymentPostprocessing = 0;
		};
		A2DA72152595AF8F009405E6 /* Resources */ = {
			isa = PBXResourcesBuildPhase;
			buildActionMask = 2147483647;
			files = (
				A2E5417D259C128E00AD7BF8 /* events.json in Resources */,
				A2E5415D259C003600AD7BF8 /* agencies.json in Resources */,
				A2E54185259C131700AD7BF8 /* expeditions.json in Resources */,
				A2E54175259C11EA00AD7BF8 /* docking.json in Resources */,
				A2E54147259BFF3400AD7BF8 /* Preview Assest.xcassets in Resources */,
				A2DA723A2595AF8F009405E6 /* Assets.xcassets in Resources */,
				A2E5416D259C116A00AD7BF8 /* starshipTests.json in Resources */,
				A2E54165259C0EDD00AD7BF8 /* astronauts.json in Resources */,
				A2E54150259C001200AD7BF8 /* launches.json in Resources */,
			);
			runOnlyForDeploymentPostprocessing = 0;
		};
		A2DA721D2595AF8F009405E6 /* Resources */ = {
			isa = PBXResourcesBuildPhase;
			buildActionMask = 2147483647;
			files = (
			);
			runOnlyForDeploymentPostprocessing = 0;
		};
		A2DA72282595AF8F009405E6 /* Resources */ = {
			isa = PBXResourcesBuildPhase;
			buildActionMask = 2147483647;
			files = (
			);
			runOnlyForDeploymentPostprocessing = 0;
		};
		A2DA724F2595AFC4009405E6 /* Resources */ = {
			isa = PBXResourcesBuildPhase;
			buildActionMask = 2147483647;
			files = (
			);
			runOnlyForDeploymentPostprocessing = 0;
		};
/* End PBXResourcesBuildPhase section */

/* Begin PBXSourcesBuildPhase section */
		A2DA720B2595AF8F009405E6 /* Sources */ = {
			isa = PBXSourcesBuildPhase;
			buildActionMask = 2147483647;
			files = (
				A2A638CA259675D300D58415 /* AgencyJSON.swift in Sources */,
				A2DA72352595AF8F009405E6 /* LaunchList.swift in Sources */,
				A2D6D7A92597BA1C003D5401 /* AgenciesListJSON.swift in Sources */,
				A2DEA292259ADFE9009D5B4B /* UIUtils.swift in Sources */,
				A2DEA272259ADE8F009D5B4B /* LaunchDetail.swift in Sources */,
				A2DA72772595AFF3009405E6 /* MissionJSON.swift in Sources */,
				A2E540FC259BB43200AD7BF8 /* MissionList.swift in Sources */,
				A2DEA28A259ADF9C009D5B4B /* ImageLoader.swift in Sources */,
				A2E54111259BD83700AD7BF8 /* ProgramList.swift in Sources */,
				A2E540F4259BB1EE00AD7BF8 /* PadRow.swift in Sources */,
				A2DEA2A7259B06C3009D5B4B /* AgencyDetail.swift in Sources */,
				A2E540C5259BA1B400AD7BF8 /* ServiceProviderList.swift in Sources */,
				A2F5CE91259C537E0050DF06 /* Launch+Extensions.swift in Sources */,
				A2DA72332595AF8F009405E6 /* LaunchListApp.swift in Sources */,
				A2E54121259BD9F500AD7BF8 /* ProgramRow.swift in Sources */,
				A2D6D79B2597B9D0003D5401 /* AgenciesProvider.swift in Sources */,
				A2DA72932595B02C009405E6 /* LaunchProvider.swift in Sources */,
				A2E54109259BB51000AD7BF8 /* MissionDetail.swift in Sources */,
				A2E54139259BE1FE00AD7BF8 /* RocketDetail.swift in Sources */,
				A29B4CF8259B933D00EE0B56 /* AgencyList.swift in Sources */,
				A2E54119259BD8CA00AD7BF8 /* ProgramDetail.swift in Sources */,
				A2DA72852595AFF3009405E6 /* ServiceProviderJSON.swift in Sources */,
				A2DA727B2595AFF3009405E6 /* LaunchListJSON.swift in Sources */,
				A2E540D5259BA31300AD7BF8 /* ServiceProviderRow.swift in Sources */,
				A2D6D7BB2597C1CC003D5401 /* CoreDataUtils.swift in Sources */,
				A2DA72872595AFF3009405E6 /* ProgramJSON.swift in Sources */,
				A2DEA29A259AE9BE009D5B4B /* CountdownView.swift in Sources */,
				A2DA728B2595AFF3009405E6 /* StatusJSON.swift in Sources */,
				A2E54131259BE1C300AD7BF8 /* RocketRow.swift in Sources */,
				A2DA72812595AFF3009405E6 /* LaunchJSON.swift in Sources */,
				A2DEA26A259ADE2E009D5B4B /* PadDetail.swift in Sources */,
				A2DEA282259ADF69009D5B4B /* LaunchRow.swift in Sources */,
				A2F5CE9A259C59A10050DF06 /* String+Extensions.swift in Sources */,
				A2DEA27A259ADF38009D5B4B /* IconView.swift in Sources */,
				A2E540CD259BA26200AD7BF8 /* ServiceProviderDetail.swift in Sources */,
				A2DA72752595AFF3009405E6 /* LocationJSON.swift in Sources */,
				A2D6D7DE25982616003D5401 /* RemoteImageCache.swift in Sources */,
				A2E54129259BE18B00AD7BF8 /* RocketList.swift in Sources */,
				A2DA727D2595AFF3009405E6 /* PadJSON.swift in Sources */,
				A29B4D00259B947800EE0B56 /* AgencyRow.swift in Sources */,
				A2A638472596713100D58415 /* OrbitJSON.swift in Sources */,
				A22CDE18259697FF00E3F96B /* JSONUtils.swift in Sources */,
				A2DA72372595AF8F009405E6 /* Persistence.swift in Sources */,
				A2DA727F2595AFF3009405E6 /* RocketJSON.swift in Sources */,
				A2E540E7259BAE7D00AD7BF8 /* PadList.swift in Sources */,
				A2DA72792595AFF3009405E6 /* ConfigurationJSON.swift in Sources */,
				A2DA72312595AF8F009405E6 /* LaunchList.xcdatamodeld in Sources */,
			);
			runOnlyForDeploymentPostprocessing = 0;
		};
		A2DA72132595AF8F009405E6 /* Sources */ = {
			isa = PBXSourcesBuildPhase;
			buildActionMask = 2147483647;
			files = (
				A2DA72362595AF8F009405E6 /* LaunchList.swift in Sources */,
				A2DA72822595AFF3009405E6 /* LaunchJSON.swift in Sources */,
				A2D6D7AA2597BA1C003D5401 /* AgenciesListJSON.swift in Sources */,
				A2DEA293259ADFE9009D5B4B /* UIUtils.swift in Sources */,
				A2DEA273259ADE8F009D5B4B /* LaunchDetail.swift in Sources */,
				A2DA72342595AF8F009405E6 /* LaunchListApp.swift in Sources */,
				A2E540FD259BB43200AD7BF8 /* MissionList.swift in Sources */,
				A2DEA28B259ADF9C009D5B4B /* ImageLoader.swift in Sources */,
				A2E54112259BD83700AD7BF8 /* ProgramList.swift in Sources */,
				A2E540F5259BB1EE00AD7BF8 /* PadRow.swift in Sources */,
				A2DEA2A8259B06C3009D5B4B /* AgencyDetail.swift in Sources */,
				A2E540C6259BA1B400AD7BF8 /* ServiceProviderList.swift in Sources */,
				A2F5CE92259C537E0050DF06 /* Launch+Extensions.swift in Sources */,
				A2DA72942595B02C009405E6 /* LaunchProvider.swift in Sources */,
				A2E54122259BD9F500AD7BF8 /* ProgramRow.swift in Sources */,
				A2D6D79C2597B9D0003D5401 /* AgenciesProvider.swift in Sources */,
				A2DA72862595AFF3009405E6 /* ServiceProviderJSON.swift in Sources */,
				A2E5410A259BB51000AD7BF8 /* MissionDetail.swift in Sources */,
				A2E5413A259BE1FE00AD7BF8 /* RocketDetail.swift in Sources */,
				A29B4CF9259B933D00EE0B56 /* AgencyList.swift in Sources */,
				A2E5411A259BD8CA00AD7BF8 /* ProgramDetail.swift in Sources */,
				A2DA727C2595AFF3009405E6 /* LaunchListJSON.swift in Sources */,
				A2DA72882595AFF3009405E6 /* ProgramJSON.swift in Sources */,
				A2E540D6259BA31300AD7BF8 /* ServiceProviderRow.swift in Sources */,
				A2D6D7BC2597C1CC003D5401 /* CoreDataUtils.swift in Sources */,
				A2DA728C2595AFF3009405E6 /* StatusJSON.swift in Sources */,
				A2DEA29B259AE9BE009D5B4B /* CountdownView.swift in Sources */,
				A2DA72782595AFF3009405E6 /* MissionJSON.swift in Sources */,
				A2E54132259BE1C300AD7BF8 /* RocketRow.swift in Sources */,
				A2DA727E2595AFF3009405E6 /* PadJSON.swift in Sources */,
				A2DEA26B259ADE2E009D5B4B /* PadDetail.swift in Sources */,
				A2DEA283259ADF69009D5B4B /* LaunchRow.swift in Sources */,
				A2F5CE9B259C59A10050DF06 /* String+Extensions.swift in Sources */,
				A2DEA27B259ADF38009D5B4B /* IconView.swift in Sources */,
				A2E540CE259BA26200AD7BF8 /* ServiceProviderDetail.swift in Sources */,
				A2DA72382595AF8F009405E6 /* Persistence.swift in Sources */,
				A2D6D7DF25982616003D5401 /* RemoteImageCache.swift in Sources */,
				A2E5412A259BE18B00AD7BF8 /* RocketList.swift in Sources */,
				A2A638482596713100D58415 /* OrbitJSON.swift in Sources */,
				A29B4D01259B947800EE0B56 /* AgencyRow.swift in Sources */,
				A2DA72802595AFF3009405E6 /* RocketJSON.swift in Sources */,
				A22CDE19259697FF00E3F96B /* JSONUtils.swift in Sources */,
				A2DA72762595AFF3009405E6 /* LocationJSON.swift in Sources */,
				A2DA727A2595AFF3009405E6 /* ConfigurationJSON.swift in Sources */,
				A2E540E8259BAE7D00AD7BF8 /* PadList.swift in Sources */,
				A2DA72322595AF8F009405E6 /* LaunchList.xcdatamodeld in Sources */,
				A2A6383F259670E900D58415 /* AgencyJSON.swift in Sources */,
			);
			runOnlyForDeploymentPostprocessing = 0;
		};
		A2DA721B2595AF8F009405E6 /* Sources */ = {
			isa = PBXSourcesBuildPhase;
			buildActionMask = 2147483647;
			files = (
				A2DA72242595AF8F009405E6 /* Tests_iOS.swift in Sources */,
			);
			runOnlyForDeploymentPostprocessing = 0;
		};
		A2DA72262595AF8F009405E6 /* Sources */ = {
			isa = PBXSourcesBuildPhase;
			buildActionMask = 2147483647;
			files = (
				A2DA722F2595AF8F009405E6 /* Tests_macOS.swift in Sources */,
			);
			runOnlyForDeploymentPostprocessing = 0;
		};
		A2DA724D2595AFC4009405E6 /* Sources */ = {
			isa = PBXSourcesBuildPhase;
			buildActionMask = 2147483647;
			files = (
				A2A6382E2596694800D58415 /* LocationJSON.swift in Sources */,
				A2D6D7B42597BD7D003D5401 /* Checkers.swift in Sources */,
				A2A6382F2596694800D58415 /* MissionJSON.swift in Sources */,
				A2A638302596694800D58415 /* ConfigurationJSON.swift in Sources */,
				A2A638312596694800D58415 /* LaunchListJSON.swift in Sources */,
				A2D6D7AB2597BA1C003D5401 /* AgenciesListJSON.swift in Sources */,
				A2D6D77D2596C6BF003D5401 /* LaunchList.xcdatamodeld in Sources */,
				A2D6D79D2597B9D0003D5401 /* AgenciesProvider.swift in Sources */,
				A2D6D7832596C6DA003D5401 /* LaunchProvider.swift in Sources */,
				A2A638492596713100D58415 /* OrbitJSON.swift in Sources */,
				A2D6D7942597B8CC003D5401 /* AgenciesUnitTests.swift in Sources */,
				A2A63840259670E900D58415 /* AgencyJSON.swift in Sources */,
				A2A638322596694800D58415 /* PadJSON.swift in Sources */,
				A22CDE1A259697FF00E3F96B /* JSONUtils.swift in Sources */,
				A2A638332596694800D58415 /* RocketJSON.swift in Sources */,
				A2A638342596694800D58415 /* LaunchJSON.swift in Sources */,
				A2D6D7BD2597C1CC003D5401 /* CoreDataUtils.swift in Sources */,
				A2A638352596694800D58415 /* ServiceProviderJSON.swift in Sources */,
				A2A638362596694800D58415 /* ProgramJSON.swift in Sources */,
				A2A638372596694800D58415 /* StatusJSON.swift in Sources */,
				A2DA72542595AFC4009405E6 /* LaunchListUnitTests.swift in Sources */,
			);
			runOnlyForDeploymentPostprocessing = 0;
		};
/* End PBXSourcesBuildPhase section */

/* Begin PBXTargetDependency section */
		A2DA72212595AF8F009405E6 /* PBXTargetDependency */ = {
			isa = PBXTargetDependency;
			target = A2DA720E2595AF8F009405E6 /* LaunchList (iOS) */;
			targetProxy = A2DA72202595AF8F009405E6 /* PBXContainerItemProxy */;
		};
		A2DA722C2595AF8F009405E6 /* PBXTargetDependency */ = {
			isa = PBXTargetDependency;
			target = A2DA72162595AF8F009405E6 /* LaunchList (macOS) */;
			targetProxy = A2DA722B2595AF8F009405E6 /* PBXContainerItemProxy */;
		};
/* End PBXTargetDependency section */

/* Begin XCBuildConfiguration section */
		A2DA723B2595AF8F009405E6 /* Debug */ = {
			isa = XCBuildConfiguration;
			buildSettings = {
				ALWAYS_SEARCH_USER_PATHS = NO;
				CLANG_ANALYZER_NONNULL = YES;
				CLANG_ANALYZER_NUMBER_OBJECT_CONVERSION = YES_AGGRESSIVE;
				CLANG_CXX_LANGUAGE_STANDARD = "gnu++14";
				CLANG_CXX_LIBRARY = "libc++";
				CLANG_ENABLE_MODULES = YES;
				CLANG_ENABLE_OBJC_ARC = YES;
				CLANG_ENABLE_OBJC_WEAK = YES;
				CLANG_WARN_BLOCK_CAPTURE_AUTORELEASING = YES;
				CLANG_WARN_BOOL_CONVERSION = YES;
				CLANG_WARN_COMMA = YES;
				CLANG_WARN_CONSTANT_CONVERSION = YES;
				CLANG_WARN_DEPRECATED_OBJC_IMPLEMENTATIONS = YES;
				CLANG_WARN_DIRECT_OBJC_ISA_USAGE = YES_ERROR;
				CLANG_WARN_DOCUMENTATION_COMMENTS = YES;
				CLANG_WARN_EMPTY_BODY = YES;
				CLANG_WARN_ENUM_CONVERSION = YES;
				CLANG_WARN_INFINITE_RECURSION = YES;
				CLANG_WARN_INT_CONVERSION = YES;
				CLANG_WARN_NON_LITERAL_NULL_CONVERSION = YES;
				CLANG_WARN_OBJC_IMPLICIT_RETAIN_SELF = YES;
				CLANG_WARN_OBJC_LITERAL_CONVERSION = YES;
				CLANG_WARN_OBJC_ROOT_CLASS = YES_ERROR;
				CLANG_WARN_QUOTED_INCLUDE_IN_FRAMEWORK_HEADER = YES;
				CLANG_WARN_RANGE_LOOP_ANALYSIS = YES;
				CLANG_WARN_STRICT_PROTOTYPES = YES;
				CLANG_WARN_SUSPICIOUS_MOVE = YES;
				CLANG_WARN_UNGUARDED_AVAILABILITY = YES_AGGRESSIVE;
				CLANG_WARN_UNREACHABLE_CODE = YES;
				CLANG_WARN__DUPLICATE_METHOD_MATCH = YES;
				COPY_PHASE_STRIP = NO;
				DEBUG_INFORMATION_FORMAT = dwarf;
				ENABLE_STRICT_OBJC_MSGSEND = YES;
				ENABLE_TESTABILITY = YES;
				GCC_C_LANGUAGE_STANDARD = gnu11;
				GCC_DYNAMIC_NO_PIC = NO;
				GCC_NO_COMMON_BLOCKS = YES;
				GCC_OPTIMIZATION_LEVEL = 0;
				GCC_PREPROCESSOR_DEFINITIONS = (
					"DEBUG=1",
					"$(inherited)",
				);
				GCC_WARN_64_TO_32_BIT_CONVERSION = YES;
				GCC_WARN_ABOUT_RETURN_TYPE = YES_ERROR;
				GCC_WARN_UNDECLARED_SELECTOR = YES;
				GCC_WARN_UNINITIALIZED_AUTOS = YES_AGGRESSIVE;
				GCC_WARN_UNUSED_FUNCTION = YES;
				GCC_WARN_UNUSED_VARIABLE = YES;
				MTL_ENABLE_DEBUG_INFO = INCLUDE_SOURCE;
				MTL_FAST_MATH = YES;
				ONLY_ACTIVE_ARCH = YES;
				SWIFT_ACTIVE_COMPILATION_CONDITIONS = DEBUG;
				SWIFT_OPTIMIZATION_LEVEL = "-Onone";
			};
			name = Debug;
		};
		A2DA723C2595AF8F009405E6 /* Release */ = {
			isa = XCBuildConfiguration;
			buildSettings = {
				ALWAYS_SEARCH_USER_PATHS = NO;
				CLANG_ANALYZER_NONNULL = YES;
				CLANG_ANALYZER_NUMBER_OBJECT_CONVERSION = YES_AGGRESSIVE;
				CLANG_CXX_LANGUAGE_STANDARD = "gnu++14";
				CLANG_CXX_LIBRARY = "libc++";
				CLANG_ENABLE_MODULES = YES;
				CLANG_ENABLE_OBJC_ARC = YES;
				CLANG_ENABLE_OBJC_WEAK = YES;
				CLANG_WARN_BLOCK_CAPTURE_AUTORELEASING = YES;
				CLANG_WARN_BOOL_CONVERSION = YES;
				CLANG_WARN_COMMA = YES;
				CLANG_WARN_CONSTANT_CONVERSION = YES;
				CLANG_WARN_DEPRECATED_OBJC_IMPLEMENTATIONS = YES;
				CLANG_WARN_DIRECT_OBJC_ISA_USAGE = YES_ERROR;
				CLANG_WARN_DOCUMENTATION_COMMENTS = YES;
				CLANG_WARN_EMPTY_BODY = YES;
				CLANG_WARN_ENUM_CONVERSION = YES;
				CLANG_WARN_INFINITE_RECURSION = YES;
				CLANG_WARN_INT_CONVERSION = YES;
				CLANG_WARN_NON_LITERAL_NULL_CONVERSION = YES;
				CLANG_WARN_OBJC_IMPLICIT_RETAIN_SELF = YES;
				CLANG_WARN_OBJC_LITERAL_CONVERSION = YES;
				CLANG_WARN_OBJC_ROOT_CLASS = YES_ERROR;
				CLANG_WARN_QUOTED_INCLUDE_IN_FRAMEWORK_HEADER = YES;
				CLANG_WARN_RANGE_LOOP_ANALYSIS = YES;
				CLANG_WARN_STRICT_PROTOTYPES = YES;
				CLANG_WARN_SUSPICIOUS_MOVE = YES;
				CLANG_WARN_UNGUARDED_AVAILABILITY = YES_AGGRESSIVE;
				CLANG_WARN_UNREACHABLE_CODE = YES;
				CLANG_WARN__DUPLICATE_METHOD_MATCH = YES;
				COPY_PHASE_STRIP = NO;
				DEBUG_INFORMATION_FORMAT = "dwarf-with-dsym";
				ENABLE_NS_ASSERTIONS = NO;
				ENABLE_STRICT_OBJC_MSGSEND = YES;
				GCC_C_LANGUAGE_STANDARD = gnu11;
				GCC_NO_COMMON_BLOCKS = YES;
				GCC_WARN_64_TO_32_BIT_CONVERSION = YES;
				GCC_WARN_ABOUT_RETURN_TYPE = YES_ERROR;
				GCC_WARN_UNDECLARED_SELECTOR = YES;
				GCC_WARN_UNINITIALIZED_AUTOS = YES_AGGRESSIVE;
				GCC_WARN_UNUSED_FUNCTION = YES;
				GCC_WARN_UNUSED_VARIABLE = YES;
				MTL_ENABLE_DEBUG_INFO = NO;
				MTL_FAST_MATH = YES;
				SWIFT_COMPILATION_MODE = wholemodule;
				SWIFT_OPTIMIZATION_LEVEL = "-O";
			};
			name = Release;
		};
		A2DA723E2595AF8F009405E6 /* Debug */ = {
			isa = XCBuildConfiguration;
			buildSettings = {
				ASSETCATALOG_COMPILER_APPICON_NAME = AppIcon;
				ASSETCATALOG_COMPILER_GLOBAL_ACCENT_COLOR_NAME = AccentColor;
				CODE_SIGN_STYLE = Automatic;
				DEVELOPMENT_TEAM = Z3JGPQE589;
				ENABLE_PREVIEWS = YES;
				INFOPLIST_FILE = iOS/Info.plist;
				IPHONEOS_DEPLOYMENT_TARGET = 14.0;
				LD_RUNPATH_SEARCH_PATHS = (
					"$(inherited)",
					"@executable_path/Frameworks",
				);
				PRODUCT_BUNDLE_IDENTIFIER = net.colbadhombre.LaunchList;
				PRODUCT_NAME = LaunchList;
				SDKROOT = iphoneos;
				SWIFT_VERSION = 5.0;
				TARGETED_DEVICE_FAMILY = "1,2";
			};
			name = Debug;
		};
		A2DA723F2595AF8F009405E6 /* Release */ = {
			isa = XCBuildConfiguration;
			buildSettings = {
				ASSETCATALOG_COMPILER_APPICON_NAME = AppIcon;
				ASSETCATALOG_COMPILER_GLOBAL_ACCENT_COLOR_NAME = AccentColor;
				CODE_SIGN_STYLE = Automatic;
				DEVELOPMENT_TEAM = Z3JGPQE589;
				ENABLE_PREVIEWS = YES;
				INFOPLIST_FILE = iOS/Info.plist;
				IPHONEOS_DEPLOYMENT_TARGET = 14.0;
				LD_RUNPATH_SEARCH_PATHS = (
					"$(inherited)",
					"@executable_path/Frameworks",
				);
				PRODUCT_BUNDLE_IDENTIFIER = net.colbadhombre.LaunchList;
				PRODUCT_NAME = LaunchList;
				SDKROOT = iphoneos;
				SWIFT_VERSION = 5.0;
				TARGETED_DEVICE_FAMILY = "1,2";
				VALIDATE_PRODUCT = YES;
			};
			name = Release;
		};
		A2DA72412595AF8F009405E6 /* Debug */ = {
			isa = XCBuildConfiguration;
			buildSettings = {
				ASSETCATALOG_COMPILER_APPICON_NAME = AppIcon;
				ASSETCATALOG_COMPILER_GLOBAL_ACCENT_COLOR_NAME = AccentColor;
				CODE_SIGN_ENTITLEMENTS = macOS/macOS.entitlements;
				CODE_SIGN_STYLE = Automatic;
				COMBINE_HIDPI_IMAGES = YES;
				DEVELOPMENT_TEAM = Z3JGPQE589;
				ENABLE_HARDENED_RUNTIME = YES;
				ENABLE_PREVIEWS = YES;
				INFOPLIST_FILE = macOS/Info.plist;
				LD_RUNPATH_SEARCH_PATHS = (
					"$(inherited)",
					"@executable_path/../Frameworks",
				);
				MACOSX_DEPLOYMENT_TARGET = 11.0;
				PRODUCT_BUNDLE_IDENTIFIER = net.colbadhombre.LaunchList;
				PRODUCT_NAME = LaunchList;
				SDKROOT = macosx;
				SWIFT_VERSION = 5.0;
			};
			name = Debug;
		};
		A2DA72422595AF8F009405E6 /* Release */ = {
			isa = XCBuildConfiguration;
			buildSettings = {
				ASSETCATALOG_COMPILER_APPICON_NAME = AppIcon;
				ASSETCATALOG_COMPILER_GLOBAL_ACCENT_COLOR_NAME = AccentColor;
				CODE_SIGN_ENTITLEMENTS = macOS/macOS.entitlements;
				CODE_SIGN_STYLE = Automatic;
				COMBINE_HIDPI_IMAGES = YES;
				DEVELOPMENT_TEAM = Z3JGPQE589;
				ENABLE_HARDENED_RUNTIME = YES;
				ENABLE_PREVIEWS = YES;
				INFOPLIST_FILE = macOS/Info.plist;
				LD_RUNPATH_SEARCH_PATHS = (
					"$(inherited)",
					"@executable_path/../Frameworks",
				);
				MACOSX_DEPLOYMENT_TARGET = 11.0;
				PRODUCT_BUNDLE_IDENTIFIER = net.colbadhombre.LaunchList;
				PRODUCT_NAME = LaunchList;
				SDKROOT = macosx;
				SWIFT_VERSION = 5.0;
			};
			name = Release;
		};
		A2DA72442595AF8F009405E6 /* Debug */ = {
			isa = XCBuildConfiguration;
			buildSettings = {
				ALWAYS_EMBED_SWIFT_STANDARD_LIBRARIES = YES;
				CODE_SIGN_STYLE = Automatic;
				DEVELOPMENT_TEAM = Z3JGPQE589;
				INFOPLIST_FILE = "Tests iOS/Info.plist";
				IPHONEOS_DEPLOYMENT_TARGET = 14.3;
				LD_RUNPATH_SEARCH_PATHS = (
					"$(inherited)",
					"@executable_path/Frameworks",
					"@loader_path/Frameworks",
				);
				PRODUCT_BUNDLE_IDENTIFIER = "net.colbadhombre.LaunchList.Tests-iOS";
				PRODUCT_NAME = "$(TARGET_NAME)";
				SDKROOT = iphoneos;
				SWIFT_VERSION = 5.0;
				TARGETED_DEVICE_FAMILY = "1,2";
				TEST_TARGET_NAME = "LaunchList (iOS)";
			};
			name = Debug;
		};
		A2DA72452595AF8F009405E6 /* Release */ = {
			isa = XCBuildConfiguration;
			buildSettings = {
				ALWAYS_EMBED_SWIFT_STANDARD_LIBRARIES = YES;
				CODE_SIGN_STYLE = Automatic;
				DEVELOPMENT_TEAM = Z3JGPQE589;
				INFOPLIST_FILE = "Tests iOS/Info.plist";
				IPHONEOS_DEPLOYMENT_TARGET = 14.3;
				LD_RUNPATH_SEARCH_PATHS = (
					"$(inherited)",
					"@executable_path/Frameworks",
					"@loader_path/Frameworks",
				);
				PRODUCT_BUNDLE_IDENTIFIER = "net.colbadhombre.LaunchList.Tests-iOS";
				PRODUCT_NAME = "$(TARGET_NAME)";
				SDKROOT = iphoneos;
				SWIFT_VERSION = 5.0;
				TARGETED_DEVICE_FAMILY = "1,2";
				TEST_TARGET_NAME = "LaunchList (iOS)";
				VALIDATE_PRODUCT = YES;
			};
			name = Release;
		};
		A2DA72472595AF8F009405E6 /* Debug */ = {
			isa = XCBuildConfiguration;
			buildSettings = {
				ALWAYS_EMBED_SWIFT_STANDARD_LIBRARIES = YES;
				CODE_SIGN_STYLE = Automatic;
				COMBINE_HIDPI_IMAGES = YES;
				DEVELOPMENT_TEAM = Z3JGPQE589;
				INFOPLIST_FILE = "Tests macOS/Info.plist";
				LD_RUNPATH_SEARCH_PATHS = (
					"$(inherited)",
					"@executable_path/../Frameworks",
					"@loader_path/../Frameworks",
				);
				MACOSX_DEPLOYMENT_TARGET = 11.0;
				PRODUCT_BUNDLE_IDENTIFIER = "net.colbadhombre.LaunchList.Tests-macOS";
				PRODUCT_NAME = "$(TARGET_NAME)";
				SDKROOT = macosx;
				SWIFT_VERSION = 5.0;
				TEST_TARGET_NAME = "LaunchList (macOS)";
			};
			name = Debug;
		};
		A2DA72482595AF8F009405E6 /* Release */ = {
			isa = XCBuildConfiguration;
			buildSettings = {
				ALWAYS_EMBED_SWIFT_STANDARD_LIBRARIES = YES;
				CODE_SIGN_STYLE = Automatic;
				COMBINE_HIDPI_IMAGES = YES;
				DEVELOPMENT_TEAM = Z3JGPQE589;
				INFOPLIST_FILE = "Tests macOS/Info.plist";
				LD_RUNPATH_SEARCH_PATHS = (
					"$(inherited)",
					"@executable_path/../Frameworks",
					"@loader_path/../Frameworks",
				);
				MACOSX_DEPLOYMENT_TARGET = 11.0;
				PRODUCT_BUNDLE_IDENTIFIER = "net.colbadhombre.LaunchList.Tests-macOS";
				PRODUCT_NAME = "$(TARGET_NAME)";
				SDKROOT = macosx;
				SWIFT_VERSION = 5.0;
				TEST_TARGET_NAME = "LaunchList (macOS)";
			};
			name = Release;
		};
		A2DA72572595AFC4009405E6 /* Debug */ = {
			isa = XCBuildConfiguration;
			buildSettings = {
				CODE_SIGN_STYLE = Automatic;
				DEVELOPMENT_TEAM = Z3JGPQE589;
				INFOPLIST_FILE = UnitTests/Info.plist;
				IPHONEOS_DEPLOYMENT_TARGET = 14.3;
				LD_RUNPATH_SEARCH_PATHS = (
					"$(inherited)",
					"@executable_path/Frameworks",
					"@loader_path/Frameworks",
				);
				PRODUCT_BUNDLE_IDENTIFIER = net.colbadhombre.LaunchList.UnitTests;
				PRODUCT_NAME = "$(TARGET_NAME)";
				SDKROOT = iphoneos;
				SWIFT_VERSION = 5.0;
				TARGETED_DEVICE_FAMILY = "1,2";
			};
			name = Debug;
		};
		A2DA72582595AFC4009405E6 /* Release */ = {
			isa = XCBuildConfiguration;
			buildSettings = {
				CODE_SIGN_STYLE = Automatic;
				DEVELOPMENT_TEAM = Z3JGPQE589;
				INFOPLIST_FILE = UnitTests/Info.plist;
				IPHONEOS_DEPLOYMENT_TARGET = 14.3;
				LD_RUNPATH_SEARCH_PATHS = (
					"$(inherited)",
					"@executable_path/Frameworks",
					"@loader_path/Frameworks",
				);
				PRODUCT_BUNDLE_IDENTIFIER = net.colbadhombre.LaunchList.UnitTests;
				PRODUCT_NAME = "$(TARGET_NAME)";
				SDKROOT = iphoneos;
				SWIFT_VERSION = 5.0;
				TARGETED_DEVICE_FAMILY = "1,2";
				VALIDATE_PRODUCT = YES;
			};
			name = Release;
		};
/* End XCBuildConfiguration section */

/* Begin XCConfigurationList section */
		A2DA72032595AF8C009405E6 /* Build configuration list for PBXProject "LaunchList" */ = {
			isa = XCConfigurationList;
			buildConfigurations = (
				A2DA723B2595AF8F009405E6 /* Debug */,
				A2DA723C2595AF8F009405E6 /* Release */,
			);
			defaultConfigurationIsVisible = 0;
			defaultConfigurationName = Release;
		};
		A2DA723D2595AF8F009405E6 /* Build configuration list for PBXNativeTarget "LaunchList (iOS)" */ = {
			isa = XCConfigurationList;
			buildConfigurations = (
				A2DA723E2595AF8F009405E6 /* Debug */,
				A2DA723F2595AF8F009405E6 /* Release */,
			);
			defaultConfigurationIsVisible = 0;
			defaultConfigurationName = Release;
		};
		A2DA72402595AF8F009405E6 /* Build configuration list for PBXNativeTarget "LaunchList (macOS)" */ = {
			isa = XCConfigurationList;
			buildConfigurations = (
				A2DA72412595AF8F009405E6 /* Debug */,
				A2DA72422595AF8F009405E6 /* Release */,
			);
			defaultConfigurationIsVisible = 0;
			defaultConfigurationName = Release;
		};
		A2DA72432595AF8F009405E6 /* Build configuration list for PBXNativeTarget "Tests iOS" */ = {
			isa = XCConfigurationList;
			buildConfigurations = (
				A2DA72442595AF8F009405E6 /* Debug */,
				A2DA72452595AF8F009405E6 /* Release */,
			);
			defaultConfigurationIsVisible = 0;
			defaultConfigurationName = Release;
		};
		A2DA72462595AF8F009405E6 /* Build configuration list for PBXNativeTarget "Tests macOS" */ = {
			isa = XCConfigurationList;
			buildConfigurations = (
				A2DA72472595AF8F009405E6 /* Debug */,
				A2DA72482595AF8F009405E6 /* Release */,
			);
			defaultConfigurationIsVisible = 0;
			defaultConfigurationName = Release;
		};
		A2DA72562595AFC4009405E6 /* Build configuration list for PBXNativeTarget "UnitTests" */ = {
			isa = XCConfigurationList;
			buildConfigurations = (
				A2DA72572595AFC4009405E6 /* Debug */,
				A2DA72582595AFC4009405E6 /* Release */,
			);
			defaultConfigurationIsVisible = 0;
			defaultConfigurationName = Release;
		};
/* End XCConfigurationList section */

/* Begin XCVersionGroup section */
		A2DA72052595AF8D009405E6 /* LaunchList.xcdatamodeld */ = {
			isa = XCVersionGroup;
			children = (
				A2DA72062595AF8D009405E6 /* Shared.xcdatamodel */,
			);
			currentVersion = A2DA72062595AF8D009405E6 /* Shared.xcdatamodel */;
			path = LaunchList.xcdatamodeld;
			sourceTree = "<group>";
			versionGroupType = wrapper.xcdatamodel;
		};
/* End XCVersionGroup section */
	};
	rootObject = A2DA72002595AF8C009405E6 /* Project object */;
}
